{
  "name": "server_setup",
  "version": "1.0.0",
  "lockfileVersion": 3,
  "requires": true,
  "packages": {
    "": {
      "name": "server_setup",
      "version": "1.0.0",
      "license": "ISC",
      "dependencies": {
        "archive-wasm": "^2.1.0"
      }
    },
    "node_modules/archive-wasm": {
      "version": "2.1.0",
      "resolved": "https://registry.npmjs.org/archive-wasm/-/archive-wasm-2.1.0.tgz",
      "integrity": "sha512-cIWA2tuHSwp2G0mXajgndCguD1IueFR6PcEwlYxGnFhyoVYNIPdLLQadzQNhsw8XKKq8v+hKKMkj60nY3qiMew==",
      "license": "GPL-3.0-or-later",
      "engines": {
        "node": ">=18.4"
      }
    }
  }
}